
Microsoft Visual Studio Solution File, Format Version 12.00
# Visual Studio Version 16
VisualStudioVersion = 16.0.34301.259
MinimumVisualStudioVersion = 10.0.40219.1
Project("{E24C65DC-7377-472B-9ABA-BC803B73C61A}") = "app", "app\", "{51D2E9E1-FE31-4BDA-86C1-55A72902A63F}"
	ProjectSection(WebsiteProperties) = preProject
		TargetFrameworkMoniker = ".NETFramework,Version%3Dv4.7.2"
		Debug.AspNetCompiler.VirtualPath = "/localhost_55896"
		Debug.AspNetCompiler.PhysicalPath = "app\"
		Debug.AspNetCompiler.TargetPath = "PrecompiledWeb\localhost_55896\"
		Debug.AspNetCompiler.Updateable = "true"
		Debug.AspNetCompiler.ForceOverwrite = "true"
		Debug.AspNetCompiler.FixedNames = "false"
		Debug.AspNetCompiler.Debug = "True"
		Release.AspNetCompiler.VirtualPath = "/localhost_55896"
		Release.AspNetCompiler.PhysicalPath = "app\"
		Release.AspNetCompiler.TargetPath = "PrecompiledWeb\localhost_55896\"
		Release.AspNetCompiler.Updateable = "true"
		Release.AspNetCompiler.ForceOverwrite = "true"
		Release.AspNetCompiler.FixedNames = "false"
		Release.AspNetCompiler.Debug = "False"
		VWDPort = "55896"
	EndProjectSection
EndProject
Project("{2150E333-8FDC-42A3-9474-1A3956D46DE8}") = "Code On Time Items", "Code On Time Items", "{A352B118-D0CB-4FCE-AA05-6D02B5924E09}"
	ProjectSection(SolutionItems) = preProject
		ClientLibrary.en-US.txt = ClientLibrary.en-US.txt
		ClientLibrary.es-MX.txt = ClientLibrary.es-MX.txt
		DataAquarium.Project.xml = DataAquarium.Project.xml
		DataAquarium.Version.xml = DataAquarium.Version.xml
	EndProjectSection
EndProject
Global
	GlobalSection(SolutionConfigurationPlatforms) = preSolution
		Debug|Any CPU = Debug|Any CPU
	EndGlobalSection
	GlobalSection(ProjectConfigurationPlatforms) = postSolution
		{51D2E9E1-FE31-4BDA-86C1-55A72902A63F}.Debug|Any CPU.ActiveCfg = Debug|Any CPU
		{51D2E9E1-FE31-4BDA-86C1-55A72902A63F}.Debug|Any CPU.Build.0 = Debug|Any CPU
	EndGlobalSection
	GlobalSection(SolutionProperties) = preSolution
		HideSolutionNode = FALSE
	EndGlobalSection
	GlobalSection(ExtensibilityGlobals) = postSolution
		SolutionGuid = {9688A893-4C87-43B3-B593-D29A3708A00C}
	EndGlobalSection
EndGlobal
